
Microsoft Visual Studio Solution File, Format Version 12.00
# Visual Studio 2013
VisualStudioVersion = 12.0.31101.0
MinimumVisualStudioVersion = 10.0.40219.1
Project("{FAE04EC0-301F-11D3-BF4B-00C04F79EFBC}") = "ListviewAnimations.Core", "ListviewAnimations.Core\ListviewAnimations.Core.csproj", "{1CD53E9C-2472-4BAC-8D16-3DD6CA3AEDE2}"
EndProject
Project("{FAE04EC0-301F-11D3-BF4B-00C04F79EFBC}") = "ListviewAnimations.Sample", "ListviewAnimations.Sample\ListviewAnimations.Sample.csproj", "{D61A068E-A628-4BD4-B864-A144ECC20C63}"
EndProject
Project("{FAE04EC0-301F-11D3-BF4B-00C04F79EFBC}") = "ListviewAnimations.Manipulation", "ListviewAnimations.Manipulation\ListviewAnimations.Manipulation.csproj", "{5178376D-C7B3-4FD5-BDC4-6E4847AD63C0}"
EndProject
Global
	GlobalSection(SolutionConfigurationPlatforms) = preSolution
		Debug|Any CPU = Debug|Any CPU
		Release|Any CPU = Release|Any CPU
	EndGlobalSection
	GlobalSection(ProjectConfigurationPlatforms) = postSolution
		{1CD53E9C-2472-4BAC-8D16-3DD6CA3AEDE2}.Debug|Any CPU.ActiveCfg = Debug|Any CPU
		{1CD53E9C-2472-4BAC-8D16-3DD6CA3AEDE2}.Debug|Any CPU.Build.0 = Debug|Any CPU
		{1CD53E9C-2472-4BAC-8D16-3DD6CA3AEDE2}.Release|Any CPU.ActiveCfg = Release|Any CPU
		{1CD53E9C-2472-4BAC-8D16-3DD6CA3AEDE2}.Release|Any CPU.Build.0 = Release|Any CPU
		{D61A068E-A628-4BD4-B864-A144ECC20C63}.Debug|Any CPU.ActiveCfg = Debug|Any CPU
		{D61A068E-A628-4BD4-B864-A144ECC20C63}.Debug|Any CPU.Build.0 = Debug|Any CPU
		{D61A068E-A628-4BD4-B864-A144ECC20C63}.Debug|Any CPU.Deploy.0 = Debug|Any CPU
		{D61A068E-A628-4BD4-B864-A144ECC20C63}.Release|Any CPU.ActiveCfg = Release|Any CPU
		{D61A068E-A628-4BD4-B864-A144ECC20C63}.Release|Any CPU.Build.0 = Release|Any CPU
		{D61A068E-A628-4BD4-B864-A144ECC20C63}.Release|Any CPU.Deploy.0 = Release|Any CPU
		{5178376D-C7B3-4FD5-BDC4-6E4847AD63C0}.Debug|Any CPU.ActiveCfg = Debug|Any CPU
		{5178376D-C7B3-4FD5-BDC4-6E4847AD63C0}.Debug|Any CPU.Build.0 = Debug|Any CPU
		{5178376D-C7B3-4FD5-BDC4-6E4847AD63C0}.Release|Any CPU.ActiveCfg = Release|Any CPU
		{5178376D-C7B3-4FD5-BDC4-6E4847AD63C0}.Release|Any CPU.Build.0 = Release|Any CPU
	EndGlobalSection
	GlobalSection(SolutionProperties) = preSolution
		HideSolutionNode = FALSE
	EndGlobalSection
EndGlobal
